// !$*UTF8*$!
{
	archiveVersion = 1;
	classes = {
	};
	objectVersion = 51;
	objects = {

/* Begin PBXBuildFile section */
		1F25720324CE861C00D49EAE /* AppDelegate.swift in Sources */ = {isa = PBXBuildFile; fileRef = 1F25720224CE861C00D49EAE /* AppDelegate.swift */; };
		1F25720524CE861C00D49EAE /* SceneDelegate.swift in Sources */ = {isa = PBXBuildFile; fileRef = 1F25720424CE861C00D49EAE /* SceneDelegate.swift */; };
		1F25720A24CE861C00D49EAE /* Main.storyboard in Resources */ = {isa = PBXBuildFile; fileRef = 1F25720824CE861C00D49EAE /* Main.storyboard */; };
		1F25720C24CE861D00D49EAE /* Assets.xcassets in Resources */ = {isa = PBXBuildFile; fileRef = 1F25720B24CE861D00D49EAE /* Assets.xcassets */; };
		1F25720F24CE861D00D49EAE /* LaunchScreen.storyboard in Resources */ = {isa = PBXBuildFile; fileRef = 1F25720D24CE861D00D49EAE /* LaunchScreen.storyboard */; };
		1F25721724CF03DC00D49EAE /* CategoryCollectionViewController.swift in Sources */ = {isa = PBXBuildFile; fileRef = 1F25721624CF03DC00D49EAE /* CategoryCollectionViewController.swift */; };
		1F25721924CF04AE00D49EAE /* CategoryCollectionViewCell.swift in Sources */ = {isa = PBXBuildFile; fileRef = 1F25721824CF04AE00D49EAE /* CategoryCollectionViewCell.swift */; };
		1F25721B24CF061A00D49EAE /* GoogleService-Info.plist in Resources */ = {isa = PBXBuildFile; fileRef = 1F25721A24CF061A00D49EAE /* GoogleService-Info.plist */; };
		1F25721D24CF078F00D49EAE /* FirebaseCollectionReference.swift in Sources */ = {isa = PBXBuildFile; fileRef = 1F25721C24CF078F00D49EAE /* FirebaseCollectionReference.swift */; };
		1F25722224CF16DB00D49EAE /* Category.swift in Sources */ = {isa = PBXBuildFile; fileRef = 1F25722124CF16DB00D49EAE /* Category.swift */; };
		1F25722524CF186800D49EAE /* Constants.swift in Sources */ = {isa = PBXBuildFile; fileRef = 1F25722424CF186800D49EAE /* Constants.swift */; };
		1F25722724D0691A00D49EAE /* ItemsTableViewController.swift in Sources */ = {isa = PBXBuildFile; fileRef = 1F25722624D0691A00D49EAE /* ItemsTableViewController.swift */; };
		1F25722924D06B0D00D49EAE /* Item.swift in Sources */ = {isa = PBXBuildFile; fileRef = 1F25722824D06B0D00D49EAE /* Item.swift */; };
		1F25722B24D0748F00D49EAE /* AddItemViewController.swift in Sources */ = {isa = PBXBuildFile; fileRef = 1F25722A24D0748F00D49EAE /* AddItemViewController.swift */; };
		1FC62F9C24D1BB280075F699 /* ReachAbility.swift in Sources */ = {isa = PBXBuildFile; fileRef = 1FC62F9B24D1BB280075F699 /* ReachAbility.swift */; };
		1FC62F9E24D1BB9A0075F699 /* Downloader.swift in Sources */ = {isa = PBXBuildFile; fileRef = 1FC62F9D24D1BB9A0075F699 /* Downloader.swift */; };
		1FC62FA024D27D520075F699 /* ItemTableViewCell.swift in Sources */ = {isa = PBXBuildFile; fileRef = 1FC62F9F24D27D520075F699 /* ItemTableViewCell.swift */; };
		1FC62FA224D2FCF90075F699 /* HelperFunctions.swift in Sources */ = {isa = PBXBuildFile; fileRef = 1FC62FA124D2FCF90075F699 /* HelperFunctions.swift */; };
		72F915E7AEC0F65FE2E07D97 /* Pods_ECMarket.framework in Frameworks */ = {isa = PBXBuildFile; fileRef = 57E146D70D06911ED41E29EE /* Pods_ECMarket.framework */; };
/* End PBXBuildFile section */

/* Begin PBXFileReference section */
		1F2571FF24CE861C00D49EAE /* ECMarket.app */ = {isa = PBXFileReference; explicitFileType = wrapper.application; includeInIndex = 0; path = ECMarket.app; sourceTree = BUILT_PRODUCTS_DIR; };
		1F25720224CE861C00D49EAE /* AppDelegate.swift */ = {isa = PBXFileReference; lastKnownFileType = sourcecode.swift; path = AppDelegate.swift; sourceTree = "<group>"; };
		1F25720424CE861C00D49EAE /* SceneDelegate.swift */ = {isa = PBXFileReference; lastKnownFileType = sourcecode.swift; path = SceneDelegate.swift; sourceTree = "<group>"; };
		1F25720924CE861C00D49EAE /* Base */ = {isa = PBXFileReference; lastKnownFileType = file.storyboard; name = Base; path = Base.lproj/Main.storyboard; sourceTree = "<group>"; };
		1F25720B24CE861D00D49EAE /* Assets.xcassets */ = {isa = PBXFileReference; lastKnownFileType = folder.assetcatalog; path = Assets.xcassets; sourceTree = "<group>"; };
		1F25720E24CE861D00D49EAE /* Base */ = {isa = PBXFileReference; lastKnownFileType = file.storyboard; name = Base; path = Base.lproj/LaunchScreen.storyboard; sourceTree = "<group>"; };
		1F25721024CE861D00D49EAE /* Info.plist */ = {isa = PBXFileReference; lastKnownFileType = text.plist.xml; path = Info.plist; sourceTree = "<group>"; };
		1F25721624CF03DC00D49EAE /* CategoryCollectionViewController.swift */ = {isa = PBXFileReference; lastKnownFileType = sourcecode.swift; path = CategoryCollectionViewController.swift; sourceTree = "<group>"; };
		1F25721824CF04AE00D49EAE /* CategoryCollectionViewCell.swift */ = {isa = PBXFileReference; lastKnownFileType = sourcecode.swift; path = CategoryCollectionViewCell.swift; sourceTree = "<group>"; };
		1F25721A24CF061A00D49EAE /* GoogleService-Info.plist */ = {isa = PBXFileReference; fileEncoding = 4; lastKnownFileType = text.plist.xml; path = "GoogleService-Info.plist"; sourceTree = "<group>"; };
		1F25721C24CF078F00D49EAE /* FirebaseCollectionReference.swift */ = {isa = PBXFileReference; lastKnownFileType = sourcecode.swift; path = FirebaseCollectionReference.swift; sourceTree = "<group>"; };
		1F25722124CF16DB00D49EAE /* Category.swift */ = {isa = PBXFileReference; lastKnownFileType = sourcecode.swift; path = Category.swift; sourceTree = "<group>"; };
		1F25722424CF186800D49EAE /* Constants.swift */ = {isa = PBXFileReference; lastKnownFileType = sourcecode.swift; path = Constants.swift; sourceTree = "<group>"; };
		1F25722624D0691A00D49EAE /* ItemsTableViewController.swift */ = {isa = PBXFileReference; lastKnownFileType = sourcecode.swift; path = ItemsTableViewController.swift; sourceTree = "<group>"; };
		1F25722824D06B0D00D49EAE /* Item.swift */ = {isa = PBXFileReference; lastKnownFileType = sourcecode.swift; path = Item.swift; sourceTree = "<group>"; };
		1F25722A24D0748F00D49EAE /* AddItemViewController.swift */ = {isa = PBXFileReference; lastKnownFileType = sourcecode.swift; path = AddItemViewController.swift; sourceTree = "<group>"; };
		1FC62F9B24D1BB280075F699 /* ReachAbility.swift */ = {isa = PBXFileReference; lastKnownFileType = sourcecode.swift; path = ReachAbility.swift; sourceTree = "<group>"; };
		1FC62F9D24D1BB9A0075F699 /* Downloader.swift */ = {isa = PBXFileReference; lastKnownFileType = sourcecode.swift; path = Downloader.swift; sourceTree = "<group>"; };
		1FC62F9F24D27D520075F699 /* ItemTableViewCell.swift */ = {isa = PBXFileReference; lastKnownFileType = sourcecode.swift; path = ItemTableViewCell.swift; sourceTree = "<group>"; };
		1FC62FA124D2FCF90075F699 /* HelperFunctions.swift */ = {isa = PBXFileReference; lastKnownFileType = sourcecode.swift; path = HelperFunctions.swift; sourceTree = "<group>"; };
		57E146D70D06911ED41E29EE /* Pods_ECMarket.framework */ = {isa = PBXFileReference; explicitFileType = wrapper.framework; includeInIndex = 0; path = Pods_ECMarket.framework; sourceTree = BUILT_PRODUCTS_DIR; };
		694D55932C6E1BE10C5DB029 /* Pods-ECMarket.debug.xcconfig */ = {isa = PBXFileReference; includeInIndex = 1; lastKnownFileType = text.xcconfig; name = "Pods-ECMarket.debug.xcconfig"; path = "Target Support Files/Pods-ECMarket/Pods-ECMarket.debug.xcconfig"; sourceTree = "<group>"; };
		DD9AEC954B8E74028728BC9F /* Pods-ECMarket.release.xcconfig */ = {isa = PBXFileReference; includeInIndex = 1; lastKnownFileType = text.xcconfig; name = "Pods-ECMarket.release.xcconfig"; path = "Target Support Files/Pods-ECMarket/Pods-ECMarket.release.xcconfig"; sourceTree = "<group>"; };
/* End PBXFileReference section */

/* Begin PBXFrameworksBuildPhase section */
		1F2571FC24CE861C00D49EAE /* Frameworks */ = {
			isa = PBXFrameworksBuildPhase;
			buildActionMask = 2147483647;
			files = (
				72F915E7AEC0F65FE2E07D97 /* Pods_ECMarket.framework in Frameworks */,
			);
			runOnlyForDeploymentPostprocessing = 0;
		};
/* End PBXFrameworksBuildPhase section */

/* Begin PBXGroup section */
		1F2571F624CE861C00D49EAE = {
			isa = PBXGroup;
			children = (
				1F25720124CE861C00D49EAE /* ECMarket */,
				1F25720024CE861C00D49EAE /* Products */,
				60865EE05FBF592F16FE5DA8 /* Pods */,
				3C763AB1E5C6DB1E074641DD /* Frameworks */,
			);
			sourceTree = "<group>";
		};
		1F25720024CE861C00D49EAE /* Products */ = {
			isa = PBXGroup;
			children = (
				1F2571FF24CE861C00D49EAE /* ECMarket.app */,
			);
			name = Products;
			sourceTree = "<group>";
		};
		1F25720124CE861C00D49EAE /* ECMarket */ = {
			isa = PBXGroup;
			children = (
				1F25720224CE861C00D49EAE /* AppDelegate.swift */,
				1F25720424CE861C00D49EAE /* SceneDelegate.swift */,
				1F25722324CF16E200D49EAE /* Model */,
				1F25721F24CF167400D49EAE /* Controllers */,
				1F25722024CF169000D49EAE /* CustomCells */,
				1F25721E24CF165C00D49EAE /* Helpers */,
				1F25720824CE861C00D49EAE /* Main.storyboard */,
				1F25720B24CE861D00D49EAE /* Assets.xcassets */,
				1F25720D24CE861D00D49EAE /* LaunchScreen.storyboard */,
				1F25721024CE861D00D49EAE /* Info.plist */,
				1F25721A24CF061A00D49EAE /* GoogleService-Info.plist */,
			);
			path = ECMarket;
			sourceTree = "<group>";
		};
		1F25721E24CF165C00D49EAE /* Helpers */ = {
			isa = PBXGroup;
			children = (
				1F25721C24CF078F00D49EAE /* FirebaseCollectionReference.swift */,
				1F25722424CF186800D49EAE /* Constants.swift */,
				1FC62F9B24D1BB280075F699 /* ReachAbility.swift */,
				1FC62F9D24D1BB9A0075F699 /* Downloader.swift */,
				1FC62FA124D2FCF90075F699 /* HelperFunctions.swift */,
			);
			path = Helpers;
			sourceTree = "<group>";
		};
		1F25721F24CF167400D49EAE /* Controllers */ = {
			isa = PBXGroup;
			children = (
				1F25721624CF03DC00D49EAE /* CategoryCollectionViewController.swift */,
				1F25722624D0691A00D49EAE /* ItemsTableViewController.swift */,
				1F25722A24D0748F00D49EAE /* AddItemViewController.swift */,
			);
			path = Controllers;
			sourceTree = "<group>";
		};
		1F25722024CF169000D49EAE /* CustomCells */ = {
			isa = PBXGroup;
			children = (
				1F25721824CF04AE00D49EAE /* CategoryCollectionViewCell.swift */,
				1FC62F9F24D27D520075F699 /* ItemTableViewCell.swift */,
			);
			path = CustomCells;
			sourceTree = "<group>";
		};
		1F25722324CF16E200D49EAE /* Model */ = {
			isa = PBXGroup;
			children = (
				1F25722124CF16DB00D49EAE /* Category.swift */,
				1F25722824D06B0D00D49EAE /* Item.swift */,
			);
			path = Model;
			sourceTree = "<group>";
		};
		3C763AB1E5C6DB1E074641DD /* Frameworks */ = {
			isa = PBXGroup;
			children = (
				57E146D70D06911ED41E29EE /* Pods_ECMarket.framework */,
			);
			name = Frameworks;
			sourceTree = "<group>";
		};
		60865EE05FBF592F16FE5DA8 /* Pods */ = {
			isa = PBXGroup;
			children = (
				694D55932C6E1BE10C5DB029 /* Pods-ECMarket.debug.xcconfig */,
				DD9AEC954B8E74028728BC9F /* Pods-ECMarket.release.xcconfig */,
			);
			path = Pods;
			sourceTree = "<group>";
		};
/* End PBXGroup section */

/* Begin PBXNativeTarget section */
		1F2571FE24CE861C00D49EAE /* ECMarket */ = {
			isa = PBXNativeTarget;
			buildConfigurationList = 1F25721324CE861D00D49EAE /* Build configuration list for PBXNativeTarget "ECMarket" */;
			buildPhases = (
				58F90DB54777A9EAF2922976 /* [CP] Check Pods Manifest.lock */,
				1F2571FB24CE861C00D49EAE /* Sources */,
				1F2571FC24CE861C00D49EAE /* Frameworks */,
				1F2571FD24CE861C00D49EAE /* Resources */,
				C9874FB5FA63A48D71014415 /* [CP] Embed Pods Frameworks */,
			);
			buildRules = (
			);
			dependencies = (
			);
			name = ECMarket;
			productName = ECMarket;
			productReference = 1F2571FF24CE861C00D49EAE /* ECMarket.app */;
			productType = "com.apple.product-type.application";
		};
/* End PBXNativeTarget section */

/* Begin PBXProject section */
		1F2571F724CE861C00D49EAE /* Project object */ = {
			isa = PBXProject;
			attributes = {
				LastSwiftUpdateCheck = 1150;
				LastUpgradeCheck = 1150;
				ORGANIZATIONNAME = Tsurutadesu;
				TargetAttributes = {
					1F2571FE24CE861C00D49EAE = {
						CreatedOnToolsVersion = 11.5;
					};
				};
			};
			buildConfigurationList = 1F2571FA24CE861C00D49EAE /* Build configuration list for PBXProject "ECMarket" */;
			compatibilityVersion = "Xcode 9.3";
			developmentRegion = en;
			hasScannedForEncodings = 0;
			knownRegions = (
				en,
				Base,
			);
			mainGroup = 1F2571F624CE861C00D49EAE;
			productRefGroup = 1F25720024CE861C00D49EAE /* Products */;
			projectDirPath = "";
			projectRoot = "";
			targets = (
				1F2571FE24CE861C00D49EAE /* ECMarket */,
			);
		};
/* End PBXProject section */

/* Begin PBXResourcesBuildPhase section */
		1F2571FD24CE861C00D49EAE /* Resources */ = {
			isa = PBXResourcesBuildPhase;
			buildActionMask = 2147483647;
			files = (
				1F25720F24CE861D00D49EAE /* LaunchScreen.storyboard in Resources */,
				1F25720C24CE861D00D49EAE /* Assets.xcassets in Resources */,
				1F25720A24CE861C00D49EAE /* Main.storyboard in Resources */,
				1F25721B24CF061A00D49EAE /* GoogleService-Info.plist in Resources */,
			);
			runOnlyForDeploymentPostprocessing = 0;
		};
/* End PBXResourcesBuildPhase section */

/* Begin PBXShellScriptBuildPhase section */
		58F90DB54777A9EAF2922976 /* [CP] Check Pods Manifest.lock */ = {
			isa = PBXShellScriptBuildPhase;
			buildActionMask = 2147483647;
			files = (
			);
			inputFileListPaths = (
			);
			inputPaths = (
				"${PODS_PODFILE_DIR_PATH}/Podfile.lock",
				"${PODS_ROOT}/Manifest.lock",
			);
			name = "[CP] Check Pods Manifest.lock";
			outputFileListPaths = (
			);
			outputPaths = (
				"$(DERIVED_FILE_DIR)/Pods-ECMarket-checkManifestLockResult.txt",
			);
			runOnlyForDeploymentPostprocessing = 0;
			shellPath = /bin/sh;
			shellScript = "diff \"${PODS_PODFILE_DIR_PATH}/Podfile.lock\" \"${PODS_ROOT}/Manifest.lock\" > /dev/null\nif [ $? != 0 ] ; then\n    # print error to STDERR\n    echo \"error: The sandbox is not in sync with the Podfile.lock. Run 'pod install' or update your CocoaPods installation.\" >&2\n    exit 1\nfi\n# This output is used by Xcode 'outputs' to avoid re-running this script phase.\necho \"SUCCESS\" > \"${SCRIPT_OUTPUT_FILE_0}\"\n";
			showEnvVarsInLog = 0;
		};
		C9874FB5FA63A48D71014415 /* [CP] Embed Pods Frameworks */ = {
			isa = PBXShellScriptBuildPhase;
			buildActionMask = 2147483647;
			files = (
			);
			inputFileListPaths = (
				"${PODS_ROOT}/Target Support Files/Pods-ECMarket/Pods-ECMarket-frameworks-${CONFIGURATION}-input-files.xcfilelist",
			);
			name = "[CP] Embed Pods Frameworks";
			outputFileListPaths = (
				"${PODS_ROOT}/Target Support Files/Pods-ECMarket/Pods-ECMarket-frameworks-${CONFIGURATION}-output-files.xcfilelist",
			);
			runOnlyForDeploymentPostprocessing = 0;
			shellPath = /bin/sh;
			shellScript = "\"${PODS_ROOT}/Target Support Files/Pods-ECMarket/Pods-ECMarket-frameworks.sh\"\n";
			showEnvVarsInLog = 0;
		};
/* End PBXShellScriptBuildPhase section */

/* Begin PBXSourcesBuildPhase section */
		1F2571FB24CE861C00D49EAE /* Sources */ = {
			isa = PBXSourcesBuildPhase;
			buildActionMask = 2147483647;
			files = (
				1F25721924CF04AE00D49EAE /* CategoryCollectionViewCell.swift in Sources */,
				1F25722924D06B0D00D49EAE /* Item.swift in Sources */,
				1FC62F9E24D1BB9A0075F699 /* Downloader.swift in Sources */,
				1F25720324CE861C00D49EAE /* AppDelegate.swift in Sources */,
				1F25722724D0691A00D49EAE /* ItemsTableViewController.swift in Sources */,
				1F25721D24CF078F00D49EAE /* FirebaseCollectionReference.swift in Sources */,
				1FC62FA024D27D520075F699 /* ItemTableViewCell.swift in Sources */,
				1FC62FA224D2FCF90075F699 /* HelperFunctions.swift in Sources */,
				1F25722B24D0748F00D49EAE /* AddItemViewController.swift in Sources */,
				1F25720524CE861C00D49EAE /* SceneDelegate.swift in Sources */,
				1F25722524CF186800D49EAE /* Constants.swift in Sources */,
				1F25721724CF03DC00D49EAE /* CategoryCollectionViewController.swift in Sources */,
				1F25722224CF16DB00D49EAE /* Category.swift in Sources */,
				1FC62F9C24D1BB280075F699 /* ReachAbility.swift in Sources */,
			);
			runOnlyForDeploymentPostprocessing = 0;
		};
/* End PBXSourcesBuildPhase section */

/* Begin PBXVariantGroup section */
		1F25720824CE861C00D49EAE /* Main.storyboard */ = {
			isa = PBXVariantGroup;
			children = (
				1F25720924CE861C00D49EAE /* Base */,
			);
			name = Main.storyboard;
			sourceTree = "<group>";
		};
		1F25720D24CE861D00D49EAE /* LaunchScreen.storyboard */ = {
			isa = PBXVariantGroup;
			children = (
				1F25720E24CE861D00D49EAE /* Base */,
			);
			name = LaunchScreen.storyboard;
			sourceTree = "<group>";
		};
/* End PBXVariantGroup section */

/* Begin XCBuildConfiguration section */
		1F25721124CE861D00D49EAE /* Debug */ = {
			isa = XCBuildConfiguration;
			buildSettings = {
				ALWAYS_SEARCH_USER_PATHS = NO;
				CLANG_ANALYZER_NONNULL = YES;
				CLANG_ANALYZER_NUMBER_OBJECT_CONVERSION = YES_AGGRESSIVE;
				CLANG_CXX_LANGUAGE_STANDARD = "gnu++14";
				CLANG_CXX_LIBRARY = "libc++";
				CLANG_ENABLE_MODULES = YES;
				CLANG_ENABLE_OBJC_ARC = YES;
				CLANG_ENABLE_OBJC_WEAK = YES;
				CLANG_WARN_BLOCK_CAPTURE_AUTORELEASING = YES;
				CLANG_WARN_BOOL_CONVERSION = YES;
				CLANG_WARN_COMMA = YES;
				CLANG_WARN_CONSTANT_CONVERSION = YES;
				CLANG_WARN_DEPRECATED_OBJC_IMPLEMENTATIONS = YES;
				CLANG_WARN_DIRECT_OBJC_ISA_USAGE = YES_ERROR;
				CLANG_WARN_DOCUMENTATION_COMMENTS = YES;
				CLANG_WARN_EMPTY_BODY = YES;
				CLANG_WARN_ENUM_CONVERSION = YES;
				CLANG_WARN_INFINITE_RECURSION = YES;
				CLANG_WARN_INT_CONVERSION = YES;
				CLANG_WARN_NON_LITERAL_NULL_CONVERSION = YES;
				CLANG_WARN_OBJC_IMPLICIT_RETAIN_SELF = YES;
				CLANG_WARN_OBJC_LITERAL_CONVERSION = YES;
				CLANG_WARN_OBJC_ROOT_CLASS = YES_ERROR;
				CLANG_WARN_RANGE_LOOP_ANALYSIS = YES;
				CLANG_WARN_STRICT_PROTOTYPES = YES;
				CLANG_WARN_SUSPICIOUS_MOVE = YES;
				CLANG_WARN_UNGUARDED_AVAILABILITY = YES_AGGRESSIVE;
				CLANG_WARN_UNREACHABLE_CODE = YES;
				CLANG_WARN__DUPLICATE_METHOD_MATCH = YES;
				COPY_PHASE_STRIP = NO;
				DEBUG_INFORMATION_FORMAT = dwarf;
				ENABLE_STRICT_OBJC_MSGSEND = YES;
				ENABLE_TESTABILITY = YES;
				GCC_C_LANGUAGE_STANDARD = gnu11;
				GCC_DYNAMIC_NO_PIC = NO;
				GCC_NO_COMMON_BLOCKS = YES;
				GCC_OPTIMIZATION_LEVEL = 0;
				GCC_PREPROCESSOR_DEFINITIONS = (
					"DEBUG=1",
					"$(inherited)",
				);
				GCC_WARN_64_TO_32_BIT_CONVERSION = YES;
				GCC_WARN_ABOUT_RETURN_TYPE = YES_ERROR;
				GCC_WARN_UNDECLARED_SELECTOR = YES;
				GCC_WARN_UNINITIALIZED_AUTOS = YES_AGGRESSIVE;
				GCC_WARN_UNUSED_FUNCTION = YES;
				GCC_WARN_UNUSED_VARIABLE = YES;
				IPHONEOS_DEPLOYMENT_TARGET = 13.5;
				MTL_ENABLE_DEBUG_INFO = INCLUDE_SOURCE;
				MTL_FAST_MATH = YES;
				ONLY_ACTIVE_ARCH = YES;
				SDKROOT = iphoneos;
				SWIFT_ACTIVE_COMPILATION_CONDITIONS = DEBUG;
				SWIFT_OPTIMIZATION_LEVEL = "-Onone";
			};
			name = Debug;
		};
		1F25721224CE861D00D49EAE /* Release */ = {
			isa = XCBuildConfiguration;
			buildSettings = {
				ALWAYS_SEARCH_USER_PATHS = NO;
				CLANG_ANALYZER_NONNULL = YES;
				CLANG_ANALYZER_NUMBER_OBJECT_CONVERSION = YES_AGGRESSIVE;
				CLANG_CXX_LANGUAGE_STANDARD = "gnu++14";
				CLANG_CXX_LIBRARY = "libc++";
				CLANG_ENABLE_MODULES = YES;
				CLANG_ENABLE_OBJC_ARC = YES;
				CLANG_ENABLE_OBJC_WEAK = YES;
				CLANG_WARN_BLOCK_CAPTURE_AUTORELEASING = YES;
				CLANG_WARN_BOOL_CONVERSION = YES;
				CLANG_WARN_COMMA = YES;
				CLANG_WARN_CONSTANT_CONVERSION = YES;
				CLANG_WARN_DEPRECATED_OBJC_IMPLEMENTATIONS = YES;
				CLANG_WARN_DIRECT_OBJC_ISA_USAGE = YES_ERROR;
				CLANG_WARN_DOCUMENTATION_COMMENTS = YES;
				CLANG_WARN_EMPTY_BODY = YES;
				CLANG_WARN_ENUM_CONVERSION = YES;
				CLANG_WARN_INFINITE_RECURSION = YES;
				CLANG_WARN_INT_CONVERSION = YES;
				CLANG_WARN_NON_LITERAL_NULL_CONVERSION = YES;
				CLANG_WARN_OBJC_IMPLICIT_RETAIN_SELF = YES;
				CLANG_WARN_OBJC_LITERAL_CONVERSION = YES;
				CLANG_WARN_OBJC_ROOT_CLASS = YES_ERROR;
				CLANG_WARN_RANGE_LOOP_ANALYSIS = YES;
				CLANG_WARN_STRICT_PROTOTYPES = YES;
				CLANG_WARN_SUSPICIOUS_MOVE = YES;
				CLANG_WARN_UNGUARDED_AVAILABILITY = YES_AGGRESSIVE;
				CLANG_WARN_UNREACHABLE_CODE = YES;
				CLANG_WARN__DUPLICATE_METHOD_MATCH = YES;
				COPY_PHASE_STRIP = NO;
				DEBUG_INFORMATION_FORMAT = "dwarf-with-dsym";
				ENABLE_NS_ASSERTIONS = NO;
				ENABLE_STRICT_OBJC_MSGSEND = YES;
				GCC_C_LANGUAGE_STANDARD = gnu11;
				GCC_NO_COMMON_BLOCKS = YES;
				GCC_WARN_64_TO_32_BIT_CONVERSION = YES;
				GCC_WARN_ABOUT_RETURN_TYPE = YES_ERROR;
				GCC_WARN_UNDECLARED_SELECTOR = YES;
				GCC_WARN_UNINITIALIZED_AUTOS = YES_AGGRESSIVE;
				GCC_WARN_UNUSED_FUNCTION = YES;
				GCC_WARN_UNUSED_VARIABLE = YES;
				IPHONEOS_DEPLOYMENT_TARGET = 13.5;
				MTL_ENABLE_DEBUG_INFO = NO;
				MTL_FAST_MATH = YES;
				SDKROOT = iphoneos;
				SWIFT_COMPILATION_MODE = wholemodule;
				SWIFT_OPTIMIZATION_LEVEL = "-O";
				VALIDATE_PRODUCT = YES;
			};
			name = Release;
		};
		1F25721424CE861D00D49EAE /* Debug */ = {
			isa = XCBuildConfiguration;
			baseConfigurationReference = 694D55932C6E1BE10C5DB029 /* Pods-ECMarket.debug.xcconfig */;
			buildSettings = {
				ASSETCATALOG_COMPILER_APPICON_NAME = AppIcon;
				CODE_SIGN_STYLE = Automatic;
				DEVELOPMENT_TEAM = JT344575T3;
				INFOPLIST_FILE = ECMarket/Info.plist;
				LD_RUNPATH_SEARCH_PATHS = (
					"$(inherited)",
					"@executable_path/Frameworks",
				);
				PRODUCT_BUNDLE_IDENTIFIER = com.kazumatsuruta.ECMarket;
				PRODUCT_NAME = "$(TARGET_NAME)";
				SWIFT_VERSION = 5.0;
				TARGETED_DEVICE_FAMILY = "1,2";
			};
			name = Debug;
		};
		1F25721524CE861D00D49EAE /* Release */ = {
			isa = XCBuildConfiguration;
			baseConfigurationReference = DD9AEC954B8E74028728BC9F /* Pods-ECMarket.release.xcconfig */;
			buildSettings = {
				ASSETCATALOG_COMPILER_APPICON_NAME = AppIcon;
				CODE_SIGN_STYLE = Automatic;
				DEVELOPMENT_TEAM = JT344575T3;
				INFOPLIST_FILE = ECMarket/Info.plist;
				LD_RUNPATH_SEARCH_PATHS = (
					"$(inherited)",
					"@executable_path/Frameworks",
				);
				PRODUCT_BUNDLE_IDENTIFIER = com.kazumatsuruta.ECMarket;
				PRODUCT_NAME = "$(TARGET_NAME)";
				SWIFT_VERSION = 5.0;
				TARGETED_DEVICE_FAMILY = "1,2";
			};
			name = Release;
		};
/* End XCBuildConfiguration section */

/* Begin XCConfigurationList section */
		1F2571FA24CE861C00D49EAE /* Build configuration list for PBXProject "ECMarket" */ = {
			isa = XCConfigurationList;
			buildConfigurations = (
				1F25721124CE861D00D49EAE /* Debug */,
				1F25721224CE861D00D49EAE /* Release */,
			);
			defaultConfigurationIsVisible = 0;
			defaultConfigurationName = Release;
		};
		1F25721324CE861D00D49EAE /* Build configuration list for PBXNativeTarget "ECMarket" */ = {
			isa = XCConfigurationList;
			buildConfigurations = (
				1F25721424CE861D00D49EAE /* Debug */,
				1F25721524CE861D00D49EAE /* Release */,
			);
			defaultConfigurationIsVisible = 0;
			defaultConfigurationName = Release;
		};
/* End XCConfigurationList section */
	};
	rootObject = 1F2571F724CE861C00D49EAE /* Project object */;
}
